// !$*UTF8*$!
{
	archiveVersion = 1;
	classes = {
	};
	objectVersion = 55;
	objects = {

/* Begin PBXBuildFile section */
		CF3818B227BF896400B54D92 /* AppDelegate.swift in Sources */ = {isa = PBXBuildFile; fileRef = CF3818B127BF896400B54D92 /* AppDelegate.swift */; };
		CF3818B427BF896400B54D92 /* SceneDelegate.swift in Sources */ = {isa = PBXBuildFile; fileRef = CF3818B327BF896400B54D92 /* SceneDelegate.swift */; };
		CF3818B627BF896400B54D92 /* ViewController.swift in Sources */ = {isa = PBXBuildFile; fileRef = CF3818B527BF896400B54D92 /* ViewController.swift */; };
		CF3818B927BF896400B54D92 /* Main.storyboard in Resources */ = {isa = PBXBuildFile; fileRef = CF3818B727BF896400B54D92 /* Main.storyboard */; };
		CF3818BB27BF896400B54D92 /* Assets.xcassets in Resources */ = {isa = PBXBuildFile; fileRef = CF3818BA27BF896400B54D92 /* Assets.xcassets */; };
		CF3818BE27BF896400B54D92 /* LaunchScreen.storyboard in Resources */ = {isa = PBXBuildFile; fileRef = CF3818BC27BF896400B54D92 /* LaunchScreen.storyboard */; };
		CF3818C927BF896400B54D92 /* SwiftPracticeAppTests.swift in Sources */ = {isa = PBXBuildFile; fileRef = CF3818C827BF896400B54D92 /* SwiftPracticeAppTests.swift */; };
		CF3818D327BF896400B54D92 /* SwiftPracticeAppUITests.swift in Sources */ = {isa = PBXBuildFile; fileRef = CF3818D227BF896400B54D92 /* SwiftPracticeAppUITests.swift */; };
		CF3818D527BF896400B54D92 /* SwiftPracticeAppUITestsLaunchTests.swift in Sources */ = {isa = PBXBuildFile; fileRef = CF3818D427BF896400B54D92 /* SwiftPracticeAppUITestsLaunchTests.swift */; };
/* End PBXBuildFile section */

/* Begin PBXContainerItemProxy section */
		CF3818C527BF896400B54D92 /* PBXContainerItemProxy */ = {
			isa = PBXContainerItemProxy;
			containerPortal = CF3818A627BF896400B54D92 /* Project object */;
			proxyType = 1;
			remoteGlobalIDString = CF3818AD27BF896400B54D92;
			remoteInfo = SwiftPracticeApp;
		};
		CF3818CF27BF896400B54D92 /* PBXContainerItemProxy */ = {
			isa = PBXContainerItemProxy;
			containerPortal = CF3818A627BF896400B54D92 /* Project object */;
			proxyType = 1;
			remoteGlobalIDString = CF3818AD27BF896400B54D92;
			remoteInfo = SwiftPracticeApp;
		};
/* End PBXContainerItemProxy section */

/* Begin PBXFileReference section */
		CF3818AE27BF896400B54D92 /* SwiftPracticeApp.app */ = {isa = PBXFileReference; explicitFileType = wrapper.application; includeInIndex = 0; path = SwiftPracticeApp.app; sourceTree = BUILT_PRODUCTS_DIR; };
		CF3818B127BF896400B54D92 /* AppDelegate.swift */ = {isa = PBXFileReference; lastKnownFileType = sourcecode.swift; path = AppDelegate.swift; sourceTree = "<group>"; };
		CF3818B327BF896400B54D92 /* SceneDelegate.swift */ = {isa = PBXFileReference; lastKnownFileType = sourcecode.swift; path = SceneDelegate.swift; sourceTree = "<group>"; };
		CF3818B527BF896400B54D92 /* ViewController.swift */ = {isa = PBXFileReference; lastKnownFileType = sourcecode.swift; path = ViewController.swift; sourceTree = "<group>"; };
		CF3818B827BF896400B54D92 /* Base */ = {isa = PBXFileReference; lastKnownFileType = file.storyboard; name = Base; path = Base.lproj/Main.storyboard; sourceTree = "<group>"; };
		CF3818BA27BF896400B54D92 /* Assets.xcassets */ = {isa = PBXFileReference; lastKnownFileType = folder.assetcatalog; path = Assets.xcassets; sourceTree = "<group>"; };
		CF3818BD27BF896400B54D92 /* Base */ = {isa = PBXFileReference; lastKnownFileType = file.storyboard; name = Base; path = Base.lproj/LaunchScreen.storyboard; sourceTree = "<group>"; };
		CF3818BF27BF896400B54D92 /* Info.plist */ = {isa = PBXFileReference; lastKnownFileType = text.plist.xml; path = Info.plist; sourceTree = "<group>"; };
		CF3818C427BF896400B54D92 /* SwiftPracticeAppTests.xctest */ = {isa = PBXFileReference; explicitFileType = wrapper.cfbundle; includeInIndex = 0; path = SwiftPracticeAppTests.xctest; sourceTree = BUILT_PRODUCTS_DIR; };
		CF3818C827BF896400B54D92 /* SwiftPracticeAppTests.swift */ = {isa = PBXFileReference; lastKnownFileType = sourcecode.swift; path = SwiftPracticeAppTests.swift; sourceTree = "<group>"; };
		CF3818CE27BF896400B54D92 /* SwiftPracticeAppUITests.xctest */ = {isa = PBXFileReference; explicitFileType = wrapper.cfbundle; includeInIndex = 0; path = SwiftPracticeAppUITests.xctest; sourceTree = BUILT_PRODUCTS_DIR; };
		CF3818D227BF896400B54D92 /* SwiftPracticeAppUITests.swift */ = {isa = PBXFileReference; lastKnownFileType = sourcecode.swift; path = SwiftPracticeAppUITests.swift; sourceTree = "<group>"; };
		CF3818D427BF896400B54D92 /* SwiftPracticeAppUITestsLaunchTests.swift */ = {isa = PBXFileReference; lastKnownFileType = sourcecode.swift; path = SwiftPracticeAppUITestsLaunchTests.swift; sourceTree = "<group>"; };
/* End PBXFileReference section */

/* Begin PBXFrameworksBuildPhase section */
		CF3818AB27BF896400B54D92 /* Frameworks */ = {
			isa = PBXFrameworksBuildPhase;
			buildActionMask = 2147483647;
			files = (
			);
			runOnlyForDeploymentPostprocessing = 0;
		};
		CF3818C127BF896400B54D92 /* Frameworks */ = {
			isa = PBXFrameworksBuildPhase;
			buildActionMask = 2147483647;
			files = (
			);
			runOnlyForDeploymentPostprocessing = 0;
		};
		CF3818CB27BF896400B54D92 /* Frameworks */ = {
			isa = PBXFrameworksBuildPhase;
			buildActionMask = 2147483647;
			files = (
			);
			runOnlyForDeploymentPostprocessing = 0;
		};
/* End PBXFrameworksBuildPhase section */

/* Begin PBXGroup section */
		CF3818A527BF896400B54D92 = {
			isa = PBXGroup;
			children = (
				CF3818B027BF896400B54D92 /* SwiftPracticeApp */,
				CF3818C727BF896400B54D92 /* SwiftPracticeAppTests */,
				CF3818D127BF896400B54D92 /* SwiftPracticeAppUITests */,
				CF3818AF27BF896400B54D92 /* Products */,
			);
			sourceTree = "<group>";
		};
		CF3818AF27BF896400B54D92 /* Products */ = {
			isa = PBXGroup;
			children = (
				CF3818AE27BF896400B54D92 /* SwiftPracticeApp.app */,
				CF3818C427BF896400B54D92 /* SwiftPracticeAppTests.xctest */,
				CF3818CE27BF896400B54D92 /* SwiftPracticeAppUITests.xctest */,
			);
			name = Products;
			sourceTree = "<group>";
		};
		CF3818B027BF896400B54D92 /* SwiftPracticeApp */ = {
			isa = PBXGroup;
			children = (
				CF3818B127BF896400B54D92 /* AppDelegate.swift */,
				CF3818B327BF896400B54D92 /* SceneDelegate.swift */,
				CF3818B527BF896400B54D92 /* ViewController.swift */,
				CF3818B727BF896400B54D92 /* Main.storyboard */,
				CF3818BA27BF896400B54D92 /* Assets.xcassets */,
				CF3818BC27BF896400B54D92 /* LaunchScreen.storyboard */,
				CF3818BF27BF896400B54D92 /* Info.plist */,
			);
			path = SwiftPracticeApp;
			sourceTree = "<group>";
		};
		CF3818C727BF896400B54D92 /* SwiftPracticeAppTests */ = {
			isa = PBXGroup;
			children = (
				CF3818C827BF896400B54D92 /* SwiftPracticeAppTests.swift */,
			);
			path = SwiftPracticeAppTests;
			sourceTree = "<group>";
		};
		CF3818D127BF896400B54D92 /* SwiftPracticeAppUITests */ = {
			isa = PBXGroup;
			children = (
				CF3818D227BF896400B54D92 /* SwiftPracticeAppUITests.swift */,
				CF3818D427BF896400B54D92 /* SwiftPracticeAppUITestsLaunchTests.swift */,
			);
			path = SwiftPracticeAppUITests;
			sourceTree = "<group>";
		};
/* End PBXGroup section */

/* Begin PBXNativeTarget section */
		CF3818AD27BF896400B54D92 /* SwiftPracticeApp */ = {
			isa = PBXNativeTarget;
			buildConfigurationList = CF3818D827BF896400B54D92 /* Build configuration list for PBXNativeTarget "SwiftPracticeApp" */;
			buildPhases = (
				CF3818AA27BF896400B54D92 /* Sources */,
				CF3818AB27BF896400B54D92 /* Frameworks */,
				CF3818AC27BF896400B54D92 /* Resources */,
			);
			buildRules = (
			);
			dependencies = (
			);
			name = SwiftPracticeApp;
			productName = SwiftPracticeApp;
			productReference = CF3818AE27BF896400B54D92 /* SwiftPracticeApp.app */;
			productType = "com.apple.product-type.application";
		};
		CF3818C327BF896400B54D92 /* SwiftPracticeAppTests */ = {
			isa = PBXNativeTarget;
			buildConfigurationList = CF3818DB27BF896400B54D92 /* Build configuration list for PBXNativeTarget "SwiftPracticeAppTests" */;
			buildPhases = (
				CF3818C027BF896400B54D92 /* Sources */,
				CF3818C127BF896400B54D92 /* Frameworks */,
				CF3818C227BF896400B54D92 /* Resources */,
			);
			buildRules = (
			);
			dependencies = (
				CF3818C627BF896400B54D92 /* PBXTargetDependency */,
			);
			name = SwiftPracticeAppTests;
			productName = SwiftPracticeAppTests;
			productReference = CF3818C427BF896400B54D92 /* SwiftPracticeAppTests.xctest */;
			productType = "com.apple.product-type.bundle.unit-test";
		};
		CF3818CD27BF896400B54D92 /* SwiftPracticeAppUITests */ = {
			isa = PBXNativeTarget;
			buildConfigurationList = CF3818DE27BF896400B54D92 /* Build configuration list for PBXNativeTarget "SwiftPracticeAppUITests" */;
			buildPhases = (
				CF3818CA27BF896400B54D92 /* Sources */,
				CF3818CB27BF896400B54D92 /* Frameworks */,
				CF3818CC27BF896400B54D92 /* Resources */,
			);
			buildRules = (
			);
			dependencies = (
				CF3818D027BF896400B54D92 /* PBXTargetDependency */,
			);
			name = SwiftPracticeAppUITests;
			productName = SwiftPracticeAppUITests;
			productReference = CF3818CE27BF896400B54D92 /* SwiftPracticeAppUITests.xctest */;
			productType = "com.apple.product-type.bundle.ui-testing";
		};
/* End PBXNativeTarget section */

/* Begin PBXProject section */
		CF3818A627BF896400B54D92 /* Project object */ = {
			isa = PBXProject;
			attributes = {
				BuildIndependentTargetsInParallel = 1;
				LastSwiftUpdateCheck = 1320;
				LastUpgradeCheck = 1320;
				TargetAttributes = {
					CF3818AD27BF896400B54D92 = {
						CreatedOnToolsVersion = 13.2.1;
					};
					CF3818C327BF896400B54D92 = {
						CreatedOnToolsVersion = 13.2.1;
						TestTargetID = CF3818AD27BF896400B54D92;
					};
					CF3818CD27BF896400B54D92 = {
						CreatedOnToolsVersion = 13.2.1;
						TestTargetID = CF3818AD27BF896400B54D92;
					};
				};
			};
			buildConfigurationList = CF3818A927BF896400B54D92 /* Build configuration list for PBXProject "SwiftPracticeApp" */;
			compatibilityVersion = "Xcode 13.0";
			developmentRegion = en;
			hasScannedForEncodings = 0;
			knownRegions = (
				en,
				Base,
			);
			mainGroup = CF3818A527BF896400B54D92;
			productRefGroup = CF3818AF27BF896400B54D92 /* Products */;
			projectDirPath = "";
			projectRoot = "";
			targets = (
				CF3818AD27BF896400B54D92 /* SwiftPracticeApp */,
				CF3818C327BF896400B54D92 /* SwiftPracticeAppTests */,
				CF3818CD27BF896400B54D92 /* SwiftPracticeAppUITests */,
			);
		};
/* End PBXProject section */

/* Begin PBXResourcesBuildPhase section */
		CF3818AC27BF896400B54D92 /* Resources */ = {
			isa = PBXResourcesBuildPhase;
			buildActionMask = 2147483647;
			files = (
				CF3818BE27BF896400B54D92 /* LaunchScreen.storyboard in Resources */,
				CF3818BB27BF896400B54D92 /* Assets.xcassets in Resources */,
				CF3818B927BF896400B54D92 /* Main.storyboard in Resources */,
			);
			runOnlyForDeploymentPostprocessing = 0;
		};
		CF3818C227BF896400B54D92 /* Resources */ = {
			isa = PBXResourcesBuildPhase;
			buildActionMask = 2147483647;
			files = (
			);
			runOnlyForDeploymentPostprocessing = 0;
		};
		CF3818CC27BF896400B54D92 /* Resources */ = {
			isa = PBXResourcesBuildPhase;
			buildActionMask = 2147483647;
			files = (
			);
			runOnlyForDeploymentPostprocessing = 0;
		};
/* End PBXResourcesBuildPhase section */

/* Begin PBXSourcesBuildPhase section */
		CF3818AA27BF896400B54D92 /* Sources */ = {
			isa = PBXSourcesBuildPhase;
			buildActionMask = 2147483647;
			files = (
				CF3818B627BF896400B54D92 /* ViewController.swift in Sources */,
				CF3818B227BF896400B54D92 /* AppDelegate.swift in Sources */,
				CF3818B427BF896400B54D92 /* SceneDelegate.swift in Sources */,
			);
			runOnlyForDeploymentPostprocessing = 0;
		};
		CF3818C027BF896400B54D92 /* Sources */ = {
			isa = PBXSourcesBuildPhase;
			buildActionMask = 2147483647;
			files = (
				CF3818C927BF896400B54D92 /* SwiftPracticeAppTests.swift in Sources */,
			);
			runOnlyForDeploymentPostprocessing = 0;
		};
		CF3818CA27BF896400B54D92 /* Sources */ = {
			isa = PBXSourcesBuildPhase;
			buildActionMask = 2147483647;
			files = (
				CF3818D327BF896400B54D92 /* SwiftPracticeAppUITests.swift in Sources */,
				CF3818D527BF896400B54D92 /* SwiftPracticeAppUITestsLaunchTests.swift in Sources */,
			);
			runOnlyForDeploymentPostprocessing = 0;
		};
/* End PBXSourcesBuildPhase section */

/* Begin PBXTargetDependency section */
		CF3818C627BF896400B54D92 /* PBXTargetDependency */ = {
			isa = PBXTargetDependency;
			target = CF3818AD27BF896400B54D92 /* SwiftPracticeApp */;
			targetProxy = CF3818C527BF896400B54D92 /* PBXContainerItemProxy */;
		};
		CF3818D027BF896400B54D92 /* PBXTargetDependency */ = {
			isa = PBXTargetDependency;
			target = CF3818AD27BF896400B54D92 /* SwiftPracticeApp */;
			targetProxy = CF3818CF27BF896400B54D92 /* PBXContainerItemProxy */;
		};
/* End PBXTargetDependency section */

/* Begin PBXVariantGroup section */
		CF3818B727BF896400B54D92 /* Main.storyboard */ = {
			isa = PBXVariantGroup;
			children = (
				CF3818B827BF896400B54D92 /* Base */,
			);
			name = Main.storyboard;
			sourceTree = "<group>";
		};
		CF3818BC27BF896400B54D92 /* LaunchScreen.storyboard */ = {
			isa = PBXVariantGroup;
			children = (
				CF3818BD27BF896400B54D92 /* Base */,
			);
			name = LaunchScreen.storyboard;
			sourceTree = "<group>";
		};
/* End PBXVariantGroup section */

/* Begin XCBuildConfiguration section */
		CF3818D627BF896400B54D92 /* Debug */ = {
			isa = XCBuildConfiguration;
			buildSettings = {
				ALWAYS_SEARCH_USER_PATHS = NO;
				CLANG_ANALYZER_NONNULL = YES;
				CLANG_ANALYZER_NUMBER_OBJECT_CONVERSION = YES_AGGRESSIVE;
				CLANG_CXX_LANGUAGE_STANDARD = "gnu++17";
				CLANG_CXX_LIBRARY = "libc++";
				CLANG_ENABLE_MODULES = YES;
				CLANG_ENABLE_OBJC_ARC = YES;
				CLANG_ENABLE_OBJC_WEAK = YES;
				CLANG_WARN_BLOCK_CAPTURE_AUTORELEASING = YES;
				CLANG_WARN_BOOL_CONVERSION = YES;
				CLANG_WARN_COMMA = YES;
				CLANG_WARN_CONSTANT_CONVERSION = YES;
				CLANG_WARN_DEPRECATED_OBJC_IMPLEMENTATIONS = YES;
				CLANG_WARN_DIRECT_OBJC_ISA_USAGE = YES_ERROR;
				CLANG_WARN_DOCUMENTATION_COMMENTS = YES;
				CLANG_WARN_EMPTY_BODY = YES;
				CLANG_WARN_ENUM_CONVERSION = YES;
				CLANG_WARN_INFINITE_RECURSION = YES;
				CLANG_WARN_INT_CONVERSION = YES;
				CLANG_WARN_NON_LITERAL_NULL_CONVERSION = YES;
				CLANG_WARN_OBJC_IMPLICIT_RETAIN_SELF = YES;
				CLANG_WARN_OBJC_LITERAL_CONVERSION = YES;
				CLANG_WARN_OBJC_ROOT_CLASS = YES_ERROR;
				CLANG_WARN_QUOTED_INCLUDE_IN_FRAMEWORK_HEADER = YES;
				CLANG_WARN_RANGE_LOOP_ANALYSIS = YES;
				CLANG_WARN_STRICT_PROTOTYPES = YES;
				CLANG_WARN_SUSPICIOUS_MOVE = YES;
				CLANG_WARN_UNGUARDED_AVAILABILITY = YES_AGGRESSIVE;
				CLANG_WARN_UNREACHABLE_CODE = YES;
				CLANG_WARN__DUPLICATE_METHOD_MATCH = YES;
				COPY_PHASE_STRIP = NO;
				DEBUG_INFORMATION_FORMAT = dwarf;
				ENABLE_STRICT_OBJC_MSGSEND = YES;
				ENABLE_TESTABILITY = YES;
				GCC_C_LANGUAGE_STANDARD = gnu11;
				GCC_DYNAMIC_NO_PIC = NO;
				GCC_NO_COMMON_BLOCKS = YES;
				GCC_OPTIMIZATION_LEVEL = 0;
				GCC_PREPROCESSOR_DEFINITIONS = (
					"DEBUG=1",
					"$(inherited)",
				);
				GCC_WARN_64_TO_32_BIT_CONVERSION = YES;
				GCC_WARN_ABOUT_RETURN_TYPE = YES_ERROR;
				GCC_WARN_UNDECLARED_SELECTOR = YES;
				GCC_WARN_UNINITIALIZED_AUTOS = YES_AGGRESSIVE;
				GCC_WARN_UNUSED_FUNCTION = YES;
				GCC_WARN_UNUSED_VARIABLE = YES;
				IPHONEOS_DEPLOYMENT_TARGET = 15.2;
				MTL_ENABLE_DEBUG_INFO = INCLUDE_SOURCE;
				MTL_FAST_MATH = YES;
				ONLY_ACTIVE_ARCH = YES;
				SDKROOT = iphoneos;
				SWIFT_ACTIVE_COMPILATION_CONDITIONS = DEBUG;
				SWIFT_OPTIMIZATION_LEVEL = "-Onone";
			};
			name = Debug;
		};
		CF3818D727BF896400B54D92 /* Release */ = {
			isa = XCBuildConfiguration;
			buildSettings = {
				ALWAYS_SEARCH_USER_PATHS = NO;
				CLANG_ANALYZER_NONNULL = YES;
				CLANG_ANALYZER_NUMBER_OBJECT_CONVERSION = YES_AGGRESSIVE;
				CLANG_CXX_LANGUAGE_STANDARD = "gnu++17";
				CLANG_CXX_LIBRARY = "libc++";
				CLANG_ENABLE_MODULES = YES;
				CLANG_ENABLE_OBJC_ARC = YES;
				CLANG_ENABLE_OBJC_WEAK = YES;
				CLANG_WARN_BLOCK_CAPTURE_AUTORELEASING = YES;
				CLANG_WARN_BOOL_CONVERSION = YES;
				CLANG_WARN_COMMA = YES;
				CLANG_WARN_CONSTANT_CONVERSION = YES;
				CLANG_WARN_DEPRECATED_OBJC_IMPLEMENTATIONS = YES;
				CLANG_WARN_DIRECT_OBJC_ISA_USAGE = YES_ERROR;
				CLANG_WARN_DOCUMENTATION_COMMENTS = YES;
				CLANG_WARN_EMPTY_BODY = YES;
				CLANG_WARN_ENUM_CONVERSION = YES;
				CLANG_WARN_INFINITE_RECURSION = YES;
				CLANG_WARN_INT_CONVERSION = YES;
				CLANG_WARN_NON_LITERAL_NULL_CONVERSION = YES;
				CLANG_WARN_OBJC_IMPLICIT_RETAIN_SELF = YES;
				CLANG_WARN_OBJC_LITERAL_CONVERSION = YES;
				CLANG_WARN_OBJC_ROOT_CLASS = YES_ERROR;
				CLANG_WARN_QUOTED_INCLUDE_IN_FRAMEWORK_HEADER = YES;
				CLANG_WARN_RANGE_LOOP_ANALYSIS = YES;
				CLANG_WARN_STRICT_PROTOTYPES = YES;
				CLANG_WARN_SUSPICIOUS_MOVE = YES;
				CLANG_WARN_UNGUARDED_AVAILABILITY = YES_AGGRESSIVE;
				CLANG_WARN_UNREACHABLE_CODE = YES;
				CLANG_WARN__DUPLICATE_METHOD_MATCH = YES;
				COPY_PHASE_STRIP = NO;
				DEBUG_INFORMATION_FORMAT = "dwarf-with-dsym";
				ENABLE_NS_ASSERTIONS = NO;
				ENABLE_STRICT_OBJC_MSGSEND = YES;
				GCC_C_LANGUAGE_STANDARD = gnu11;
				GCC_NO_COMMON_BLOCKS = YES;
				GCC_WARN_64_TO_32_BIT_CONVERSION = YES;
				GCC_WARN_ABOUT_RETURN_TYPE = YES_ERROR;
				GCC_WARN_UNDECLARED_SELECTOR = YES;
				GCC_WARN_UNINITIALIZED_AUTOS = YES_AGGRESSIVE;
				GCC_WARN_UNUSED_FUNCTION = YES;
				GCC_WARN_UNUSED_VARIABLE = YES;
				IPHONEOS_DEPLOYMENT_TARGET = 15.2;
				MTL_ENABLE_DEBUG_INFO = NO;
				MTL_FAST_MATH = YES;
				SDKROOT = iphoneos;
				SWIFT_COMPILATION_MODE = wholemodule;
				SWIFT_OPTIMIZATION_LEVEL = "-O";
				VALIDATE_PRODUCT = YES;
			};
			name = Release;
		};
		CF3818D927BF896400B54D92 /* Debug */ = {
			isa = XCBuildConfiguration;
			buildSettings = {
				ASSETCATALOG_COMPILER_APPICON_NAME = AppIcon;
				ASSETCATALOG_COMPILER_GLOBAL_ACCENT_COLOR_NAME = AccentColor;
				CODE_SIGN_STYLE = Automatic;
				CURRENT_PROJECT_VERSION = 1;
				DEVELOPMENT_TEAM = L9ZTN292D7;
				GENERATE_INFOPLIST_FILE = YES;
				INFOPLIST_FILE = SwiftPracticeApp/Info.plist;
				INFOPLIST_KEY_UIApplicationSupportsIndirectInputEvents = YES;
				INFOPLIST_KEY_UILaunchStoryboardName = LaunchScreen;
				INFOPLIST_KEY_UIMainStoryboardFile = Main;
				INFOPLIST_KEY_UISupportedInterfaceOrientations_iPad = "UIInterfaceOrientationPortrait UIInterfaceOrientationPortraitUpsideDown UIInterfaceOrientationLandscapeLeft UIInterfaceOrientationLandscapeRight";
				INFOPLIST_KEY_UISupportedInterfaceOrientations_iPhone = "UIInterfaceOrientationPortrait UIInterfaceOrientationLandscapeLeft UIInterfaceOrientationLandscapeRight";
				LD_RUNPATH_SEARCH_PATHS = (
					"$(inherited)",
					"@executable_path/Frameworks",
				);
				MARKETING_VERSION = 1.0;
				PRODUCT_BUNDLE_IDENTIFIER = com.tom.SwiftPracticeApp;
				PRODUCT_NAME = "$(TARGET_NAME)";
				SWIFT_EMIT_LOC_STRINGS = YES;
				SWIFT_VERSION = 5.0;
				TARGETED_DEVICE_FAMILY = "1,2";
			};
			name = Debug;
		};
		CF3818DA27BF896400B54D92 /* Release */ = {
			isa = XCBuildConfiguration;
			buildSettings = {
				ASSETCATALOG_COMPILER_APPICON_NAME = AppIcon;
				ASSETCATALOG_COMPILER_GLOBAL_ACCENT_COLOR_NAME = AccentColor;
				CODE_SIGN_STYLE = Automatic;
				CURRENT_PROJECT_VERSION = 1;
				DEVELOPMENT_TEAM = L9ZTN292D7;
				GENERATE_INFOPLIST_FILE = YES;
				INFOPLIST_FILE = SwiftPracticeApp/Info.plist;
				INFOPLIST_KEY_UIApplicationSupportsIndirectInputEvents = YES;
				INFOPLIST_KEY_UILaunchStoryboardName = LaunchScreen;
				INFOPLIST_KEY_UIMainStoryboardFile = Main;
				INFOPLIST_KEY_UISupportedInterfaceOrientations_iPad = "UIInterfaceOrientationPortrait UIInterfaceOrientationPortraitUpsideDown UIInterfaceOrientationLandscapeLeft UIInterfaceOrientationLandscapeRight";
				INFOPLIST_KEY_UISupportedInterfaceOrientations_iPhone = "UIInterfaceOrientationPortrait UIInterfaceOrientationLandscapeLeft UIInterfaceOrientationLandscapeRight";
				LD_RUNPATH_SEARCH_PATHS = (
					"$(inherited)",
					"@executable_path/Frameworks",
				);
				MARKETING_VERSION = 1.0;
				PRODUCT_BUNDLE_IDENTIFIER = com.tom.SwiftPracticeApp;
				PRODUCT_NAME = "$(TARGET_NAME)";
				SWIFT_EMIT_LOC_STRINGS = YES;
				SWIFT_VERSION = 5.0;
				TARGETED_DEVICE_FAMILY = "1,2";
			};
			name = Release;
		};
		CF3818DC27BF896400B54D92 /* Debug */ = {
			isa = XCBuildConfiguration;
			buildSettings = {
				ALWAYS_EMBED_SWIFT_STANDARD_LIBRARIES = YES;
				BUNDLE_LOADER = "$(TEST_HOST)";
				CODE_SIGN_STYLE = Automatic;
				CURRENT_PROJECT_VERSION = 1;
				DEVELOPMENT_TEAM = L9ZTN292D7;
				GENERATE_INFOPLIST_FILE = YES;
				IPHONEOS_DEPLOYMENT_TARGET = 15.2;
				MARKETING_VERSION = 1.0;
				PRODUCT_BUNDLE_IDENTIFIER = com.tom.SwiftPracticeAppTests;
				PRODUCT_NAME = "$(TARGET_NAME)";
				SWIFT_EMIT_LOC_STRINGS = NO;
				SWIFT_VERSION = 5.0;
				TARGETED_DEVICE_FAMILY = "1,2";
				TEST_HOST = "$(BUILT_PRODUCTS_DIR)/SwiftPracticeApp.app/SwiftPracticeApp";
			};
			name = Debug;
		};
		CF3818DD27BF896400B54D92 /* Release */ = {
			isa = XCBuildConfiguration;
			buildSettings = {
				ALWAYS_EMBED_SWIFT_STANDARD_LIBRARIES = YES;
				BUNDLE_LOADER = "$(TEST_HOST)";
				CODE_SIGN_STYLE = Automatic;
				CURRENT_PROJECT_VERSION = 1;
				DEVELOPMENT_TEAM = L9ZTN292D7;
				GENERATE_INFOPLIST_FILE = YES;
				IPHONEOS_DEPLOYMENT_TARGET = 15.2;
				MARKETING_VERSION = 1.0;
				PRODUCT_BUNDLE_IDENTIFIER = com.tom.SwiftPracticeAppTests;
				PRODUCT_NAME = "$(TARGET_NAME)";
				SWIFT_EMIT_LOC_STRINGS = NO;
				SWIFT_VERSION = 5.0;
				TARGETED_DEVICE_FAMILY = "1,2";
				TEST_HOST = "$(BUILT_PRODUCTS_DIR)/SwiftPracticeApp.app/SwiftPracticeApp";
			};
			name = Release;
		};
		CF3818DF27BF896400B54D92 /* Debug */ = {
			isa = XCBuildConfiguration;
			buildSettings = {
				ALWAYS_EMBED_SWIFT_STANDARD_LIBRARIES = YES;
				CODE_SIGN_STYLE = Automatic;
				CURRENT_PROJECT_VERSION = 1;
				DEVELOPMENT_TEAM = L9ZTN292D7;
				GENERATE_INFOPLIST_FILE = YES;
				MARKETING_VERSION = 1.0;
				PRODUCT_BUNDLE_IDENTIFIER = com.tom.SwiftPracticeAppUITests;
				PRODUCT_NAME = "$(TARGET_NAME)";
				SWIFT_EMIT_LOC_STRINGS = NO;
				SWIFT_VERSION = 5.0;
				TARGETED_DEVICE_FAMILY = "1,2";
				TEST_TARGET_NAME = SwiftPracticeApp;
			};
			name = Debug;
		};
		CF3818E027BF896400B54D92 /* Release */ = {
			isa = XCBuildConfiguration;
			buildSettings = {
				ALWAYS_EMBED_SWIFT_STANDARD_LIBRARIES = YES;
				CODE_SIGN_STYLE = Automatic;
				CURRENT_PROJECT_VERSION = 1;
				DEVELOPMENT_TEAM = L9ZTN292D7;
				GENERATE_INFOPLIST_FILE = YES;
				MARKETING_VERSION = 1.0;
				PRODUCT_BUNDLE_IDENTIFIER = com.tom.SwiftPracticeAppUITests;
				PRODUCT_NAME = "$(TARGET_NAME)";
				SWIFT_EMIT_LOC_STRINGS = NO;
				SWIFT_VERSION = 5.0;
				TARGETED_DEVICE_FAMILY = "1,2";
				TEST_TARGET_NAME = SwiftPracticeApp;
			};
			name = Release;
		};
/* End XCBuildConfiguration section */

/* Begin XCConfigurationList section */
		CF3818A927BF896400B54D92 /* Build configuration list for PBXProject "SwiftPracticeApp" */ = {
			isa = XCConfigurationList;
			buildConfigurations = (
				CF3818D627BF896400B54D92 /* Debug */,
				CF3818D727BF896400B54D92 /* Release */,
			);
			defaultConfigurationIsVisible = 0;
			defaultConfigurationName = Release;
		};
		CF3818D827BF896400B54D92 /* Build configuration list for PBXNativeTarget "SwiftPracticeApp" */ = {
			isa = XCConfigurationList;
			buildConfigurations = (
				CF3818D927BF896400B54D92 /* Debug */,
				CF3818DA27BF896400B54D92 /* Release */,
			);
			defaultConfigurationIsVisible = 0;
			defaultConfigurationName = Release;
		};
		CF3818DB27BF896400B54D92 /* Build configuration list for PBXNativeTarget "SwiftPracticeAppTests" */ = {
			isa = XCConfigurationList;
			buildConfigurations = (
				CF3818DC27BF896400B54D92 /* Debug */,
				CF3818DD27BF896400B54D92 /* Release */,
			);
			defaultConfigurationIsVisible = 0;
			defaultConfigurationName = Release;
		};
		CF3818DE27BF896400B54D92 /* Build configuration list for PBXNativeTarget "SwiftPracticeAppUITests" */ = {
			isa = XCConfigurationList;
			buildConfigurations = (
				CF3818DF27BF896400B54D92 /* Debug */,
				CF3818E027BF896400B54D92 /* Release */,
			);
			defaultConfigurationIsVisible = 0;
			defaultConfigurationName = Release;
		};
/* End XCConfigurationList section */
	};
	rootObject = CF3818A627BF896400B54D92 /* Project object */;
}
